
Microsoft Visual Studio Solution File, Format Version 12.00
# Visual Studio Version 17
VisualStudioVersion = 17.7.34003.232
MinimumVisualStudioVersion = 10.0.40219.1
Project("{FAE04EC0-301F-11D3-BF4B-00C04F79EFBC}") = "MergeSortedArray", "MergeSortedArray\MergeSortedArray.csproj", "{F64CDB5E-FCB1-48C2-BBD8-3658715CE232}"
EndProject
Global
	GlobalSection(SolutionConfigurationPlatforms) = preSolution
		Debug|Any CPU = Debug|Any CPU
		Release|Any CPU = Release|Any CPU
	EndGlobalSection
	GlobalSection(ProjectConfigurationPlatforms) = postSolution
		{F64CDB5E-FCB1-48C2-BBD8-3658715CE232}.Debug|Any CPU.ActiveCfg = Debug|Any CPU
		{F64CDB5E-FCB1-48C2-BBD8-3658715CE232}.Debug|Any CPU.Build.0 = Debug|Any CPU
		{F64CDB5E-FCB1-48C2-BBD8-3658715CE232}.Release|Any CPU.ActiveCfg = Release|Any CPU
		{F64CDB5E-FCB1-48C2-BBD8-3658715CE232}.Release|Any CPU.Build.0 = Release|Any CPU
	EndGlobalSection
	GlobalSection(SolutionProperties) = preSolution
		HideSolutionNode = FALSE
	EndGlobalSection
	GlobalSection(ExtensibilityGlobals) = postSolution
		SolutionGuid = {F6A536EA-1052-413A-825B-EDA4FC179646}
	EndGlobalSection
EndGlobal
